{
  "lockfile_version": "1",
  "packages": {
    "google-cloud-sdk@478.0.0": {
      "last_modified": "2024-06-06T04:00:50Z",
      "resolved": "github:NixOS/nixpkgs/818dbe2f96df233d2041739d6079bb616d3e5597#google-cloud-sdk",
      "source": "devbox-search",
      "version": "478.0.0",
      "systems": {
        "aarch64-darwin": {
          "outputs": [
            {
              "name": "out",
              "path": "/nix/store/6vw818ni5lym496xy4d18pn2j272c5iv-google-cloud-sdk-478.0.0",
              "default": true
            }
          ],
          "store_path": "/nix/store/6vw818ni5lym496xy4d18pn2j272c5iv-google-cloud-sdk-478.0.0"
        },
        "aarch64-linux": {
          "outputs": [
            {
              "name": "out",
              "path": "/nix/store/y133y7aaq6knvxgq6w5y0ml9y16d7811-google-cloud-sdk-478.0.0",
              "default": true
            }
          ],
          "store_path": "/nix/store/y133y7aaq6knvxgq6w5y0ml9y16d7811-google-cloud-sdk-478.0.0"
        },
        "x86_64-darwin": {
          "outputs": [
            {
              "name": "out",
              "path": "/nix/store/cazzvzlwf34nnmnh2ilb2bc8b5g6jg5q-google-cloud-sdk-478.0.0",
              "default": true
            }
          ],
          "store_path": "/nix/store/cazzvzlwf34nnmnh2ilb2bc8b5g6jg5q-google-cloud-sdk-478.0.0"
        },
        "x86_64-linux": {
          "outputs": [
            {
              "name": "out",
              "path": "/nix/store/26lyif0pm1vnyyd9l7y8mb653kwmcnbr-google-cloud-sdk-478.0.0",
              "default": true
            }
          ],
          "store_path": "/nix/store/26lyif0pm1vnyyd9l7y8mb653kwmcnbr-google-cloud-sdk-478.0.0"
        }
      }
    },
    "kind@0.23.0": {
      "last_modified": "2024-05-29T10:04:41Z",
      "resolved": "github:NixOS/nixpkgs/ac82a513e55582291805d6f09d35b6d8b60637a1#kind",
      "source": "devbox-search",
      "version": "0.23.0",
      "systems": {
        "aarch64-darwin": {
          "outputs": [
            {
              "name": "out",
              "path": "/nix/store/lg81ng5l5c7naqww8qqlmqnixvpx8xzs-kind-0.23.0",
              "default": true
            }
          ],
          "store_path": "/nix/store/lg81ng5l5c7naqww8qqlmqnixvpx8xzs-kind-0.23.0"
        },
        "aarch64-linux": {
          "outputs": [
            {
              "name": "out",
              "path": "/nix/store/jndyfwjc9hsf1rhvh0yxqsqw0hqqs8j8-kind-0.23.0",
              "default": true
            }
          ],
          "store_path": "/nix/store/jndyfwjc9hsf1rhvh0yxqsqw0hqqs8j8-kind-0.23.0"
        },
        "x86_64-darwin": {
          "outputs": [
            {
              "name": "out",
              "path": "/nix/store/q1ymfg7wsdlmp9b11kpb3pmshrdfbyjj-kind-0.23.0",
              "default": true
            }
          ],
          "store_path": "/nix/store/q1ymfg7wsdlmp9b11kpb3pmshrdfbyjj-kind-0.23.0"
        },
        "x86_64-linux": {
          "outputs": [
            {
              "name": "out",
              "path": "/nix/store/8if8dwbvyalf0cfk0vkaysvcmkva9syh-kind-0.23.0",
              "default": true
            }
          ],
          "store_path": "/nix/store/8if8dwbvyalf0cfk0vkaysvcmkva9syh-kind-0.23.0"
        }
      }
    },
    "starship@1.19.0": {
      "last_modified": "2024-05-22T06:18:38Z",
      "resolved": "github:NixOS/nixpkgs/3f316d2a50699a78afe5e77ca486ad553169061e#starship",
      "source": "devbox-search",
      "version": "1.19.0",
      "systems": {
        "aarch64-darwin": {
          "outputs": [
            {
              "name": "out",
              "path": "/nix/store/d4jzqp05jv60la1xipzs97vhmh0aqkg0-starship-1.19.0",
              "default": true
            }
          ],
          "store_path": "/nix/store/d4jzqp05jv60la1xipzs97vhmh0aqkg0-starship-1.19.0"
        },
        "aarch64-linux": {
          "outputs": [
            {
              "name": "out",
              "path": "/nix/store/3njsq9lzgm3dj7kh4csfdv73w8g6bzmf-starship-1.19.0",
              "default": true
            }
          ],
          "store_path": "/nix/store/3njsq9lzgm3dj7kh4csfdv73w8g6bzmf-starship-1.19.0"
        },
        "x86_64-darwin": {
          "outputs": [
            {
              "name": "out",
              "path": "/nix/store/8af1bpcqgc9s0h7c6y2w9b87yww786z5-starship-1.19.0",
              "default": true
            }
          ],
          "store_path": "/nix/store/8af1bpcqgc9s0h7c6y2w9b87yww786z5-starship-1.19.0"
        },
        "x86_64-linux": {
          "outputs": [
            {
              "name": "out",
              "path": "/nix/store/5fyfyvp22k4nv3370mrjd6pwislskg56-starship-1.19.0",
              "default": true
            }
          ],
          "store_path": "/nix/store/5fyfyvp22k4nv3370mrjd6pwislskg56-starship-1.19.0"
        }
      }
    }
  }
}
